# Generated for CPython 3.13 on Debian 13 aarch64. Every selected wheel is
# hash-locked; install with --require-hashes and --only-binary=:all:.
moonshine-voice==0.0.69 --hash=sha256:1cda44b5cd3869e1b9165715de211d342b6de52bdd51bf99b79a1e44bd0f20e7
aiohttp==3.12.15 --hash=sha256:b97752ff12cc12f46a9b20327104448042fce5c33a624f88c18f66f9368091c7
multidict==6.7.1 --hash=sha256:e82d14e3c948952a1a85503817e038cba5905a3352de76b9a465075d072fba23
yarl==1.24.2 --hash=sha256:863297ddede92ee49024e9a9b11ecb59f310ca85b60d8537f56bed9bbb5b1986
aiohappyeyeballs==2.7.1 --hash=sha256:9243213661e29250eb41368e5daa826fc017156c3b8a11440826b2e3ed376472
aiosignal==1.4.0 --hash=sha256:053243f8b92b990551949e63930a839ff0cf0b0ebbe0597b0f3fb19e1a0fe82e
attrs==26.1.0 --hash=sha256:c647aa4a12dfbad9333ca4e71fe62ddc36f4e63b2d260a37a8b83d2f043ac309
frozenlist==1.8.0 --hash=sha256:eaa352d7047a31d87dafcacbabe89df0aa506abb5b1b85a2fb91bc3faa02d822
idna==3.18 --hash=sha256:7f952cbe720b688055e3f87de14f5c3e5fdaa8bc3928985c4077ca689de849a2
propcache==0.5.2 --hash=sha256:a6ae2198be502c10f09b2516e7b5d019816924bc3183a43ce792a7bd6625e6f4
filelock==3.30.3 --hash=sha256:06e1c6d5e12277022172b7f8d090affe0e8f940f1a37ca45f548855ee51a6b86
numpy==2.2.6 --hash=sha256:f92729c95468a2f4f15e9bb94c432a9229d0d50de67304399627a943201baa2f
platformdirs==4.10.0 --hash=sha256:fb516cdb12eb0d857d0cd85a7c57cea4d060bee4578d6cf5a14dfdf8cbf8784a
requests==2.34.2 --hash=sha256:2a0d60c172f83ac6ab31e4554906c0f3b3588d37b5cb939b1c061f4907e278e0
charset-normalizer==3.4.9 --hash=sha256:21e764fd1e70b6a3e205a0e46f3051701f98a8cb3fad66eeb80e48bb502f8698
urllib3==2.7.0 --hash=sha256:9fb4c81ebbb1ce9531cce37674bbc6f1360472bc18ca9a553ede278ef7276897
certifi==2026.6.17 --hash=sha256:2227dcbaafe0d2f59279d1762ddddc37783ed4354594f194ffc31d20f41fc3db
sounddevice==0.5.5 --hash=sha256:30ff99f6c107f49d25ad16a45cacd8d91c25a1bcdd3e81a206b921a3a6405b1f
cffi==2.1.0 --hash=sha256:ff067a8d8d880e7809e4ac88eb009bb848870115317b306666502ccad30b147f
pycparser==3.0 --hash=sha256:b727414169a36b7d524c1c3e31839a521725078d7b2ff038656844266160a992
tqdm==4.68.4 --hash=sha256:5168118b2368f48c561afda8020fd79195b1bdb0bdf8086b88442c267a315dc2
